
Microsoft Visual Studio Solution File, Format Version 10.00
# Visual Studio 2008
Project("{FAE04EC0-301F-11D3-BF4B-00C04F79EFBC}") = "ExtractDx11MESH", "ExtractDx11MESH.csproj", "{5C77182D-6649-4367-86F8-C6506DFE6062}"
EndProject
Global
	GlobalSection(SolutionConfigurationPlatforms) = preSolution
		Debug|Any CPU = Debug|Any CPU
		Release|Any CPU = Release|Any CPU
	EndGlobalSection
	GlobalSection(ProjectConfigurationPlatforms) = postSolution
		{5C77182D-6649-4367-86F8-C6506DFE6062}.Debug|Any CPU.ActiveCfg = Debug|Any CPU
		{5C77182D-6649-4367-86F8-C6506DFE6062}.Debug|Any CPU.Build.0 = Debug|Any CPU
		{5C77182D-6649-4367-86F8-C6506DFE6062}.Release|Any CPU.ActiveCfg = Release|Any CPU
		{5C77182D-6649-4367-86F8-C6506DFE6062}.Release|Any CPU.Build.0 = Release|Any CPU
	EndGlobalSection
	GlobalSection(SolutionProperties) = preSolution
		HideSolutionNode = FALSE
	EndGlobalSection
EndGlobal
